
Microsoft Visual Studio Solution File, Format Version 12.00
# Visual Studio Version 16
VisualStudioVersion = 16.0.31605.320
MinimumVisualStudioVersion = 10.0.40219.1
Project("{2150E333-8FDC-42A3-9474-1A3956D46DE8}") = "src", "src", "{551731E7-CEBB-423D-854C-0ADF22243DAC}"
EndProject
Project("{2150E333-8FDC-42A3-9474-1A3956D46DE8}") = "Common", "Common", "{F305F045-1AE0-4DEB-B781-587C6D45A277}"
EndProject
Project("{2150E333-8FDC-42A3-9474-1A3956D46DE8}") = "Customer", "Customer", "{F18626FD-35C8-4986-9A01-B2BD09219511}"
EndProject
Project("{9A19103F-16F7-4668-BE54-9A1E7A4F7556}") = "Common", "src\Common\Common\Common.csproj", "{F9603EF5-99DE-4A5D-8730-EFF7CE7DADFF}"
EndProject
Project("{9A19103F-16F7-4668-BE54-9A1E7A4F7556}") = "Customer.Domain", "src\Customer\Domain\Customer.Domain.csproj", "{DE854FCC-C12D-42B8-BBA7-55B83BCD992D}"
EndProject
Project("{9A19103F-16F7-4668-BE54-9A1E7A4F7556}") = "Customer.Logic", "src\Customer\Logic\Customer.Logic.csproj", "{7E804482-81B0-4151-BF32-C53B2E27502A}"
EndProject
Project("{9A19103F-16F7-4668-BE54-9A1E7A4F7556}") = "Customer.Infrastructure", "src\Customer\Infrastructure\Customer.Infrastructure.csproj", "{A27861F5-F125-42A1-B08C-E8B17F18273F}"
EndProject
Project("{9A19103F-16F7-4668-BE54-9A1E7A4F7556}") = "CustomerService", "src\Customer\CustomerService\CustomerService.csproj", "{4615A7AC-17C1-418F-8577-F160BD18891A}"
EndProject
Project("{9A19103F-16F7-4668-BE54-9A1E7A4F7556}") = "Common.Infrastructure.Implementation", "src\Common\Common.Infrastructure.Implementation\Common.Infrastructure.Implementation.csproj", "{1BD2412C-C59C-46DC-8729-EABABC1261AA}"
EndProject
Project("{9A19103F-16F7-4668-BE54-9A1E7A4F7556}") = "Common.Infrastructure.Interface", "src\Common\Common.Infrastructure.Interface\Common.Infrastructure.Interface.csproj", "{EE66FD0C-B64E-4C8D-95A2-B6170F9D806E}"
EndProject
Project("{FAE04EC0-301F-11D3-BF4B-00C04F79EFBC}") = "Common.Persistance.EFCore", "src\Common\Common.Persistance.EFCore\Common.Persistance.EFCore.csproj", "{2B6F934E-1440-429E-8FBD-F82083CA5DD5}"
EndProject
Project("{E53339B2-1760-4266-BCC7-CA923CBCF16C}") = "docker-compose", "docker-compose.dcproj", "{E311089F-AE16-4DC9-BF61-01F7E6ECEFA0}"
EndProject
Global
	GlobalSection(SolutionConfigurationPlatforms) = preSolution
		Debug|Any CPU = Debug|Any CPU
		Release|Any CPU = Release|Any CPU
	EndGlobalSection
	GlobalSection(ProjectConfigurationPlatforms) = postSolution
		{F9603EF5-99DE-4A5D-8730-EFF7CE7DADFF}.Debug|Any CPU.ActiveCfg = Debug|Any CPU
		{F9603EF5-99DE-4A5D-8730-EFF7CE7DADFF}.Debug|Any CPU.Build.0 = Debug|Any CPU
		{F9603EF5-99DE-4A5D-8730-EFF7CE7DADFF}.Release|Any CPU.ActiveCfg = Release|Any CPU
		{F9603EF5-99DE-4A5D-8730-EFF7CE7DADFF}.Release|Any CPU.Build.0 = Release|Any CPU
		{DE854FCC-C12D-42B8-BBA7-55B83BCD992D}.Debug|Any CPU.ActiveCfg = Debug|Any CPU
		{DE854FCC-C12D-42B8-BBA7-55B83BCD992D}.Debug|Any CPU.Build.0 = Debug|Any CPU
		{DE854FCC-C12D-42B8-BBA7-55B83BCD992D}.Release|Any CPU.ActiveCfg = Release|Any CPU
		{DE854FCC-C12D-42B8-BBA7-55B83BCD992D}.Release|Any CPU.Build.0 = Release|Any CPU
		{7E804482-81B0-4151-BF32-C53B2E27502A}.Debug|Any CPU.ActiveCfg = Debug|Any CPU
		{7E804482-81B0-4151-BF32-C53B2E27502A}.Debug|Any CPU.Build.0 = Debug|Any CPU
		{7E804482-81B0-4151-BF32-C53B2E27502A}.Release|Any CPU.ActiveCfg = Release|Any CPU
		{7E804482-81B0-4151-BF32-C53B2E27502A}.Release|Any CPU.Build.0 = Release|Any CPU
		{A27861F5-F125-42A1-B08C-E8B17F18273F}.Debug|Any CPU.ActiveCfg = Debug|Any CPU
		{A27861F5-F125-42A1-B08C-E8B17F18273F}.Debug|Any CPU.Build.0 = Debug|Any CPU
		{A27861F5-F125-42A1-B08C-E8B17F18273F}.Release|Any CPU.ActiveCfg = Release|Any CPU
		{A27861F5-F125-42A1-B08C-E8B17F18273F}.Release|Any CPU.Build.0 = Release|Any CPU
		{4615A7AC-17C1-418F-8577-F160BD18891A}.Debug|Any CPU.ActiveCfg = Debug|Any CPU
		{4615A7AC-17C1-418F-8577-F160BD18891A}.Debug|Any CPU.Build.0 = Debug|Any CPU
		{4615A7AC-17C1-418F-8577-F160BD18891A}.Release|Any CPU.ActiveCfg = Release|Any CPU
		{4615A7AC-17C1-418F-8577-F160BD18891A}.Release|Any CPU.Build.0 = Release|Any CPU
		{1BD2412C-C59C-46DC-8729-EABABC1261AA}.Debug|Any CPU.ActiveCfg = Debug|Any CPU
		{1BD2412C-C59C-46DC-8729-EABABC1261AA}.Debug|Any CPU.Build.0 = Debug|Any CPU
		{1BD2412C-C59C-46DC-8729-EABABC1261AA}.Release|Any CPU.ActiveCfg = Release|Any CPU
		{1BD2412C-C59C-46DC-8729-EABABC1261AA}.Release|Any CPU.Build.0 = Release|Any CPU
		{EE66FD0C-B64E-4C8D-95A2-B6170F9D806E}.Debug|Any CPU.ActiveCfg = Debug|Any CPU
		{EE66FD0C-B64E-4C8D-95A2-B6170F9D806E}.Debug|Any CPU.Build.0 = Debug|Any CPU
		{EE66FD0C-B64E-4C8D-95A2-B6170F9D806E}.Release|Any CPU.ActiveCfg = Release|Any CPU
		{EE66FD0C-B64E-4C8D-95A2-B6170F9D806E}.Release|Any CPU.Build.0 = Release|Any CPU
		{2B6F934E-1440-429E-8FBD-F82083CA5DD5}.Debug|Any CPU.ActiveCfg = Debug|Any CPU
		{2B6F934E-1440-429E-8FBD-F82083CA5DD5}.Debug|Any CPU.Build.0 = Debug|Any CPU
		{2B6F934E-1440-429E-8FBD-F82083CA5DD5}.Release|Any CPU.ActiveCfg = Release|Any CPU
		{2B6F934E-1440-429E-8FBD-F82083CA5DD5}.Release|Any CPU.Build.0 = Release|Any CPU
		{E311089F-AE16-4DC9-BF61-01F7E6ECEFA0}.Debug|Any CPU.ActiveCfg = Debug|Any CPU
		{E311089F-AE16-4DC9-BF61-01F7E6ECEFA0}.Debug|Any CPU.Build.0 = Debug|Any CPU
		{E311089F-AE16-4DC9-BF61-01F7E6ECEFA0}.Release|Any CPU.ActiveCfg = Release|Any CPU
		{E311089F-AE16-4DC9-BF61-01F7E6ECEFA0}.Release|Any CPU.Build.0 = Release|Any CPU
	EndGlobalSection
	GlobalSection(SolutionProperties) = preSolution
		HideSolutionNode = FALSE
	EndGlobalSection
	GlobalSection(NestedProjects) = preSolution
		{F305F045-1AE0-4DEB-B781-587C6D45A277} = {551731E7-CEBB-423D-854C-0ADF22243DAC}
		{F18626FD-35C8-4986-9A01-B2BD09219511} = {551731E7-CEBB-423D-854C-0ADF22243DAC}
		{F9603EF5-99DE-4A5D-8730-EFF7CE7DADFF} = {F305F045-1AE0-4DEB-B781-587C6D45A277}
		{DE854FCC-C12D-42B8-BBA7-55B83BCD992D} = {F18626FD-35C8-4986-9A01-B2BD09219511}
		{7E804482-81B0-4151-BF32-C53B2E27502A} = {F18626FD-35C8-4986-9A01-B2BD09219511}
		{A27861F5-F125-42A1-B08C-E8B17F18273F} = {F18626FD-35C8-4986-9A01-B2BD09219511}
		{4615A7AC-17C1-418F-8577-F160BD18891A} = {F18626FD-35C8-4986-9A01-B2BD09219511}
		{1BD2412C-C59C-46DC-8729-EABABC1261AA} = {F305F045-1AE0-4DEB-B781-587C6D45A277}
		{EE66FD0C-B64E-4C8D-95A2-B6170F9D806E} = {F305F045-1AE0-4DEB-B781-587C6D45A277}
		{2B6F934E-1440-429E-8FBD-F82083CA5DD5} = {F305F045-1AE0-4DEB-B781-587C6D45A277}
	EndGlobalSection
	GlobalSection(ExtensibilityGlobals) = postSolution
		SolutionGuid = {6D1373FD-06EC-4F58-BBA0-1DB860295E4A}
	EndGlobalSection
EndGlobal
